
Microsoft Visual Studio Solution File, Format Version 12.00
# Visual Studio Version 16
VisualStudioVersion = 16.0.29709.97
MinimumVisualStudioVersion = 10.0.40219.1
Project("{2150E333-8FDC-42A3-9474-1A3956D46DE8}") = "Solution Items", "Solution Items", "{937E4127-E583-40C7-99C0-34F4878B0740}"
	ProjectSection(SolutionItems) = preProject
		TestApp\Program.cs = TestApp\Program.cs
		README.md = README.md
	EndProjectSection
EndProject
Project("{9A19103F-16F7-4668-BE54-9A1E7A4F7556}") = "TestApp", "TestApp\TestApp.csproj", "{116ACB51-3678-4C14-A3D8-58DF21A588AD}"
EndProject
Project("{2150E333-8FDC-42A3-9474-1A3956D46DE8}") = "Demo", "Demo", "{03EF0A7E-70FA-4408-B593-53B4B405113C}"
EndProject
Project("{9A19103F-16F7-4668-BE54-9A1E7A4F7556}") = "Citolab.Azure.BlobStorage.Documents.Search", "Citolab.Azure.BlobStorage.Documents.Search\Citolab.Azure.BlobStorage.Documents.Search.csproj", "{4052B9CB-99E2-4005-A0CB-E20DE98DCA8E}"
EndProject
Project("{9A19103F-16F7-4668-BE54-9A1E7A4F7556}") = "Citolab.Azure.BlobStorage.Documents.Search.Extensions", "Citolab.Azure.BlobStorage.Doucments.Search.Extensions\Citolab.Azure.BlobStorage.Documents.Search.Extensions.csproj", "{100FBEC7-AD5C-4F8D-808C-3D3E4F611633}"
EndProject
Global
	GlobalSection(SolutionConfigurationPlatforms) = preSolution
		Debug|Any CPU = Debug|Any CPU
		Release|Any CPU = Release|Any CPU
	EndGlobalSection
	GlobalSection(ProjectConfigurationPlatforms) = postSolution
		{116ACB51-3678-4C14-A3D8-58DF21A588AD}.Debug|Any CPU.ActiveCfg = Debug|Any CPU
		{116ACB51-3678-4C14-A3D8-58DF21A588AD}.Debug|Any CPU.Build.0 = Debug|Any CPU
		{116ACB51-3678-4C14-A3D8-58DF21A588AD}.Release|Any CPU.ActiveCfg = Release|Any CPU
		{116ACB51-3678-4C14-A3D8-58DF21A588AD}.Release|Any CPU.Build.0 = Release|Any CPU
		{4052B9CB-99E2-4005-A0CB-E20DE98DCA8E}.Debug|Any CPU.ActiveCfg = Debug|Any CPU
		{4052B9CB-99E2-4005-A0CB-E20DE98DCA8E}.Debug|Any CPU.Build.0 = Debug|Any CPU
		{4052B9CB-99E2-4005-A0CB-E20DE98DCA8E}.Release|Any CPU.ActiveCfg = Release|Any CPU
		{4052B9CB-99E2-4005-A0CB-E20DE98DCA8E}.Release|Any CPU.Build.0 = Release|Any CPU
		{100FBEC7-AD5C-4F8D-808C-3D3E4F611633}.Debug|Any CPU.ActiveCfg = Debug|Any CPU
		{100FBEC7-AD5C-4F8D-808C-3D3E4F611633}.Debug|Any CPU.Build.0 = Debug|Any CPU
		{100FBEC7-AD5C-4F8D-808C-3D3E4F611633}.Release|Any CPU.ActiveCfg = Release|Any CPU
		{100FBEC7-AD5C-4F8D-808C-3D3E4F611633}.Release|Any CPU.Build.0 = Release|Any CPU
	EndGlobalSection
	GlobalSection(SolutionProperties) = preSolution
		HideSolutionNode = FALSE
	EndGlobalSection
	GlobalSection(NestedProjects) = preSolution
		{116ACB51-3678-4C14-A3D8-58DF21A588AD} = {03EF0A7E-70FA-4408-B593-53B4B405113C}
	EndGlobalSection
	GlobalSection(ExtensibilityGlobals) = postSolution
		SolutionGuid = {2581F12B-0893-4AEB-B8B9-F6F6458775A6}
	EndGlobalSection
EndGlobal
